
Microsoft Visual Studio Solution File, Format Version 12.00
# Visual Studio Version 17
VisualStudioVersion = 17.5.002.0
MinimumVisualStudioVersion = 10.0.40219.1
Project("{9A19103F-16F7-4668-BE54-9A1E7A4F7556}") = "Entity Framework", "Entity Framework.csproj", "{49C7B094-5D1A-4F4C-B912-6C92A390384E}"
EndProject
Global
	GlobalSection(SolutionConfigurationPlatforms) = preSolution
		Debug|Any CPU = Debug|Any CPU
		Release|Any CPU = Release|Any CPU
	EndGlobalSection
	GlobalSection(ProjectConfigurationPlatforms) = postSolution
		{49C7B094-5D1A-4F4C-B912-6C92A390384E}.Debug|Any CPU.ActiveCfg = Debug|Any CPU
		{49C7B094-5D1A-4F4C-B912-6C92A390384E}.Debug|Any CPU.Build.0 = Debug|Any CPU
		{49C7B094-5D1A-4F4C-B912-6C92A390384E}.Release|Any CPU.ActiveCfg = Release|Any CPU
		{49C7B094-5D1A-4F4C-B912-6C92A390384E}.Release|Any CPU.Build.0 = Release|Any CPU
	EndGlobalSection
	GlobalSection(SolutionProperties) = preSolution
		HideSolutionNode = FALSE
	EndGlobalSection
	GlobalSection(ExtensibilityGlobals) = postSolution
		SolutionGuid = {F2BB3C6C-77E7-426F-92A0-7C3F04AF1B5C}
	EndGlobalSection
EndGlobal
